// !$*UTF8*$!
{
	archiveVersion = 1;
	classes = {
	};
	objectVersion = 50;
	objects = {

/* Begin PBXBuildFile section */
		BE17735D27AAD1C400ADB533 /* RoundButton.swift in Sources */ = {isa = PBXBuildFile; fileRef = BE17735C27AAD1C400ADB533 /* RoundButton.swift */; };
		BE91F5C427A74F72005F4A6D /* AppDelegate.swift in Sources */ = {isa = PBXBuildFile; fileRef = BE91F5C327A74F72005F4A6D /* AppDelegate.swift */; };
		BE91F5C627A74F72005F4A6D /* SceneDelegate.swift in Sources */ = {isa = PBXBuildFile; fileRef = BE91F5C527A74F72005F4A6D /* SceneDelegate.swift */; };
		BE91F5C827A74F72005F4A6D /* ViewController.swift in Sources */ = {isa = PBXBuildFile; fileRef = BE91F5C727A74F72005F4A6D /* ViewController.swift */; };
		BE91F5CB27A74F72005F4A6D /* Main.storyboard in Resources */ = {isa = PBXBuildFile; fileRef = BE91F5C927A74F72005F4A6D /* Main.storyboard */; };
		BE91F5CD27A74F75005F4A6D /* Assets.xcassets in Resources */ = {isa = PBXBuildFile; fileRef = BE91F5CC27A74F75005F4A6D /* Assets.xcassets */; };
		BE91F5D027A74F75005F4A6D /* LaunchScreen.storyboard in Resources */ = {isa = PBXBuildFile; fileRef = BE91F5CE27A74F75005F4A6D /* LaunchScreen.storyboard */; };
/* End PBXBuildFile section */

/* Begin PBXFileReference section */
		BE17735C27AAD1C400ADB533 /* RoundButton.swift */ = {isa = PBXFileReference; lastKnownFileType = sourcecode.swift; path = RoundButton.swift; sourceTree = "<group>"; };
		BE91F5C027A74F72005F4A6D /* FlashLightMax.app */ = {isa = PBXFileReference; explicitFileType = wrapper.application; includeInIndex = 0; path = FlashLightMax.app; sourceTree = BUILT_PRODUCTS_DIR; };
		BE91F5C327A74F72005F4A6D /* AppDelegate.swift */ = {isa = PBXFileReference; lastKnownFileType = sourcecode.swift; path = AppDelegate.swift; sourceTree = "<group>"; };
		BE91F5C527A74F72005F4A6D /* SceneDelegate.swift */ = {isa = PBXFileReference; lastKnownFileType = sourcecode.swift; path = SceneDelegate.swift; sourceTree = "<group>"; };
		BE91F5C727A74F72005F4A6D /* ViewController.swift */ = {isa = PBXFileReference; lastKnownFileType = sourcecode.swift; path = ViewController.swift; sourceTree = "<group>"; };
		BE91F5CA27A74F72005F4A6D /* Base */ = {isa = PBXFileReference; lastKnownFileType = file.storyboard; name = Base; path = Base.lproj/Main.storyboard; sourceTree = "<group>"; };
		BE91F5CC27A74F75005F4A6D /* Assets.xcassets */ = {isa = PBXFileReference; lastKnownFileType = folder.assetcatalog; path = Assets.xcassets; sourceTree = "<group>"; };
		BE91F5CF27A74F75005F4A6D /* Base */ = {isa = PBXFileReference; lastKnownFileType = file.storyboard; name = Base; path = Base.lproj/LaunchScreen.storyboard; sourceTree = "<group>"; };
		BE91F5D127A74F75005F4A6D /* Info.plist */ = {isa = PBXFileReference; lastKnownFileType = text.plist.xml; path = Info.plist; sourceTree = "<group>"; };
/* End PBXFileReference section */

/* Begin PBXFrameworksBuildPhase section */
		BE91F5BD27A74F72005F4A6D /* Frameworks */ = {
			isa = PBXFrameworksBuildPhase;
			buildActionMask = 2147483647;
			files = (
			);
			runOnlyForDeploymentPostprocessing = 0;
		};
/* End PBXFrameworksBuildPhase section */

/* Begin PBXGroup section */
		BE91F5B727A74F72005F4A6D = {
			isa = PBXGroup;
			children = (
				BE17735C27AAD1C400ADB533 /* RoundButton.swift */,
				BE91F5C227A74F72005F4A6D /* FlashLightMax */,
				BE91F5C127A74F72005F4A6D /* Products */,
			);
			sourceTree = "<group>";
		};
		BE91F5C127A74F72005F4A6D /* Products */ = {
			isa = PBXGroup;
			children = (
				BE91F5C027A74F72005F4A6D /* FlashLightMax.app */,
			);
			name = Products;
			sourceTree = "<group>";
		};
		BE91F5C227A74F72005F4A6D /* FlashLightMax */ = {
			isa = PBXGroup;
			children = (
				BE91F5C327A74F72005F4A6D /* AppDelegate.swift */,
				BE91F5C527A74F72005F4A6D /* SceneDelegate.swift */,
				BE91F5C727A74F72005F4A6D /* ViewController.swift */,
				BE91F5C927A74F72005F4A6D /* Main.storyboard */,
				BE91F5CC27A74F75005F4A6D /* Assets.xcassets */,
				BE91F5CE27A74F75005F4A6D /* LaunchScreen.storyboard */,
				BE91F5D127A74F75005F4A6D /* Info.plist */,
			);
			path = FlashLightMax;
			sourceTree = "<group>";
		};
/* End PBXGroup section */

/* Begin PBXNativeTarget section */
		BE91F5BF27A74F72005F4A6D /* FlashLightMax */ = {
			isa = PBXNativeTarget;
			buildConfigurationList = BE91F5D427A74F75005F4A6D /* Build configuration list for PBXNativeTarget "FlashLightMax" */;
			buildPhases = (
				BE91F5BC27A74F72005F4A6D /* Sources */,
				BE91F5BD27A74F72005F4A6D /* Frameworks */,
				BE91F5BE27A74F72005F4A6D /* Resources */,
			);
			buildRules = (
			);
			dependencies = (
			);
			name = FlashLightMax;
			productName = FlashLightMax;
			productReference = BE91F5C027A74F72005F4A6D /* FlashLightMax.app */;
			productType = "com.apple.product-type.application";
		};
/* End PBXNativeTarget section */

/* Begin PBXProject section */
		BE91F5B827A74F72005F4A6D /* Project object */ = {
			isa = PBXProject;
			attributes = {
				LastSwiftUpdateCheck = 1160;
				LastUpgradeCheck = 1160;
				ORGANIZATIONNAME = "Сергей Эймонт";
				TargetAttributes = {
					BE91F5BF27A74F72005F4A6D = {
						CreatedOnToolsVersion = 11.6;
					};
				};
			};
			buildConfigurationList = BE91F5BB27A74F72005F4A6D /* Build configuration list for PBXProject "FlashLightMax" */;
			compatibilityVersion = "Xcode 9.3";
			developmentRegion = en;
			hasScannedForEncodings = 0;
			knownRegions = (
				en,
				Base,
			);
			mainGroup = BE91F5B727A74F72005F4A6D;
			productRefGroup = BE91F5C127A74F72005F4A6D /* Products */;
			projectDirPath = "";
			projectRoot = "";
			targets = (
				BE91F5BF27A74F72005F4A6D /* FlashLightMax */,
			);
		};
/* End PBXProject section */

/* Begin PBXResourcesBuildPhase section */
		BE91F5BE27A74F72005F4A6D /* Resources */ = {
			isa = PBXResourcesBuildPhase;
			buildActionMask = 2147483647;
			files = (
				BE91F5D027A74F75005F4A6D /* LaunchScreen.storyboard in Resources */,
				BE91F5CD27A74F75005F4A6D /* Assets.xcassets in Resources */,
				BE91F5CB27A74F72005F4A6D /* Main.storyboard in Resources */,
			);
			runOnlyForDeploymentPostprocessing = 0;
		};
/* End PBXResourcesBuildPhase section */

/* Begin PBXSourcesBuildPhase section */
		BE91F5BC27A74F72005F4A6D /* Sources */ = {
			isa = PBXSourcesBuildPhase;
			buildActionMask = 2147483647;
			files = (
				BE17735D27AAD1C400ADB533 /* RoundButton.swift in Sources */,
				BE91F5C827A74F72005F4A6D /* ViewController.swift in Sources */,
				BE91F5C427A74F72005F4A6D /* AppDelegate.swift in Sources */,
				BE91F5C627A74F72005F4A6D /* SceneDelegate.swift in Sources */,
			);
			runOnlyForDeploymentPostprocessing = 0;
		};
/* End PBXSourcesBuildPhase section */

/* Begin PBXVariantGroup section */
		BE91F5C927A74F72005F4A6D /* Main.storyboard */ = {
			isa = PBXVariantGroup;
			children = (
				BE91F5CA27A74F72005F4A6D /* Base */,
			);
			name = Main.storyboard;
			sourceTree = "<group>";
		};
		BE91F5CE27A74F75005F4A6D /* LaunchScreen.storyboard */ = {
			isa = PBXVariantGroup;
			children = (
				BE91F5CF27A74F75005F4A6D /* Base */,
			);
			name = LaunchScreen.storyboard;
			sourceTree = "<group>";
		};
/* End PBXVariantGroup section */

/* Begin XCBuildConfiguration section */
		BE91F5D227A74F75005F4A6D /* Debug */ = {
			isa = XCBuildConfiguration;
			buildSettings = {
				ALWAYS_SEARCH_USER_PATHS = NO;
				CLANG_ANALYZER_NONNULL = YES;
				CLANG_ANALYZER_NUMBER_OBJECT_CONVERSION = YES_AGGRESSIVE;
				CLANG_CXX_LANGUAGE_STANDARD = "gnu++14";
				CLANG_CXX_LIBRARY = "libc++";
				CLANG_ENABLE_MODULES = YES;
				CLANG_ENABLE_OBJC_ARC = YES;
				CLANG_ENABLE_OBJC_WEAK = YES;
				CLANG_WARN_BLOCK_CAPTURE_AUTORELEASING = YES;
				CLANG_WARN_BOOL_CONVERSION = YES;
				CLANG_WARN_COMMA = YES;
				CLANG_WARN_CONSTANT_CONVERSION = YES;
				CLANG_WARN_DEPRECATED_OBJC_IMPLEMENTATIONS = YES;
				CLANG_WARN_DIRECT_OBJC_ISA_USAGE = YES_ERROR;
				CLANG_WARN_DOCUMENTATION_COMMENTS = YES;
				CLANG_WARN_EMPTY_BODY = YES;
				CLANG_WARN_ENUM_CONVERSION = YES;
				CLANG_WARN_INFINITE_RECURSION = YES;
				CLANG_WARN_INT_CONVERSION = YES;
				CLANG_WARN_NON_LITERAL_NULL_CONVERSION = YES;
				CLANG_WARN_OBJC_IMPLICIT_RETAIN_SELF = YES;
				CLANG_WARN_OBJC_LITERAL_CONVERSION = YES;
				CLANG_WARN_OBJC_ROOT_CLASS = YES_ERROR;
				CLANG_WARN_RANGE_LOOP_ANALYSIS = YES;
				CLANG_WARN_STRICT_PROTOTYPES = YES;
				CLANG_WARN_SUSPICIOUS_MOVE = YES;
				CLANG_WARN_UNGUARDED_AVAILABILITY = YES_AGGRESSIVE;
				CLANG_WARN_UNREACHABLE_CODE = YES;
				CLANG_WARN__DUPLICATE_METHOD_MATCH = YES;
				COPY_PHASE_STRIP = NO;
				DEBUG_INFORMATION_FORMAT = dwarf;
				ENABLE_STRICT_OBJC_MSGSEND = YES;
				ENABLE_TESTABILITY = YES;
				GCC_C_LANGUAGE_STANDARD = gnu11;
				GCC_DYNAMIC_NO_PIC = NO;
				GCC_NO_COMMON_BLOCKS = YES;
				GCC_OPTIMIZATION_LEVEL = 0;
				GCC_PREPROCESSOR_DEFINITIONS = (
					"DEBUG=1",
					"$(inherited)",
				);
				GCC_WARN_64_TO_32_BIT_CONVERSION = YES;
				GCC_WARN_ABOUT_RETURN_TYPE = YES_ERROR;
				GCC_WARN_UNDECLARED_SELECTOR = YES;
				GCC_WARN_UNINITIALIZED_AUTOS = YES_AGGRESSIVE;
				GCC_WARN_UNUSED_FUNCTION = YES;
				GCC_WARN_UNUSED_VARIABLE = YES;
				IPHONEOS_DEPLOYMENT_TARGET = 13.6;
				MTL_ENABLE_DEBUG_INFO = INCLUDE_SOURCE;
				MTL_FAST_MATH = YES;
				ONLY_ACTIVE_ARCH = YES;
				SDKROOT = iphoneos;
				SWIFT_ACTIVE_COMPILATION_CONDITIONS = DEBUG;
				SWIFT_OPTIMIZATION_LEVEL = "-Onone";
			};
			name = Debug;
		};
		BE91F5D327A74F75005F4A6D /* Release */ = {
			isa = XCBuildConfiguration;
			buildSettings = {
				ALWAYS_SEARCH_USER_PATHS = NO;
				CLANG_ANALYZER_NONNULL = YES;
				CLANG_ANALYZER_NUMBER_OBJECT_CONVERSION = YES_AGGRESSIVE;
				CLANG_CXX_LANGUAGE_STANDARD = "gnu++14";
				CLANG_CXX_LIBRARY = "libc++";
				CLANG_ENABLE_MODULES = YES;
				CLANG_ENABLE_OBJC_ARC = YES;
				CLANG_ENABLE_OBJC_WEAK = YES;
				CLANG_WARN_BLOCK_CAPTURE_AUTORELEASING = YES;
				CLANG_WARN_BOOL_CONVERSION = YES;
				CLANG_WARN_COMMA = YES;
				CLANG_WARN_CONSTANT_CONVERSION = YES;
				CLANG_WARN_DEPRECATED_OBJC_IMPLEMENTATIONS = YES;
				CLANG_WARN_DIRECT_OBJC_ISA_USAGE = YES_ERROR;
				CLANG_WARN_DOCUMENTATION_COMMENTS = YES;
				CLANG_WARN_EMPTY_BODY = YES;
				CLANG_WARN_ENUM_CONVERSION = YES;
				CLANG_WARN_INFINITE_RECURSION = YES;
				CLANG_WARN_INT_CONVERSION = YES;
				CLANG_WARN_NON_LITERAL_NULL_CONVERSION = YES;
				CLANG_WARN_OBJC_IMPLICIT_RETAIN_SELF = YES;
				CLANG_WARN_OBJC_LITERAL_CONVERSION = YES;
				CLANG_WARN_OBJC_ROOT_CLASS = YES_ERROR;
				CLANG_WARN_RANGE_LOOP_ANALYSIS = YES;
				CLANG_WARN_STRICT_PROTOTYPES = YES;
				CLANG_WARN_SUSPICIOUS_MOVE = YES;
				CLANG_WARN_UNGUARDED_AVAILABILITY = YES_AGGRESSIVE;
				CLANG_WARN_UNREACHABLE_CODE = YES;
				CLANG_WARN__DUPLICATE_METHOD_MATCH = YES;
				COPY_PHASE_STRIP = NO;
				DEBUG_INFORMATION_FORMAT = "dwarf-with-dsym";
				ENABLE_NS_ASSERTIONS = NO;
				ENABLE_STRICT_OBJC_MSGSEND = YES;
				GCC_C_LANGUAGE_STANDARD = gnu11;
				GCC_NO_COMMON_BLOCKS = YES;
				GCC_WARN_64_TO_32_BIT_CONVERSION = YES;
				GCC_WARN_ABOUT_RETURN_TYPE = YES_ERROR;
				GCC_WARN_UNDECLARED_SELECTOR = YES;
				GCC_WARN_UNINITIALIZED_AUTOS = YES_AGGRESSIVE;
				GCC_WARN_UNUSED_FUNCTION = YES;
				GCC_WARN_UNUSED_VARIABLE = YES;
				IPHONEOS_DEPLOYMENT_TARGET = 13.6;
				MTL_ENABLE_DEBUG_INFO = NO;
				MTL_FAST_MATH = YES;
				SDKROOT = iphoneos;
				SWIFT_COMPILATION_MODE = wholemodule;
				SWIFT_OPTIMIZATION_LEVEL = "-O";
				VALIDATE_PRODUCT = YES;
			};
			name = Release;
		};
		BE91F5D527A74F75005F4A6D /* Debug */ = {
			isa = XCBuildConfiguration;
			buildSettings = {
				ASSETCATALOG_COMPILER_APPICON_NAME = AppIcon;
				CODE_SIGN_STYLE = Automatic;
				DEVELOPMENT_TEAM = 6NP4PA4NJT;
				INFOPLIST_FILE = FlashLightMax/Info.plist;
				LD_RUNPATH_SEARCH_PATHS = (
					"$(inherited)",
					"@executable_path/Frameworks",
				);
				PRODUCT_BUNDLE_IDENTIFIER = com.example.FlashLightMax;
				PRODUCT_NAME = "$(TARGET_NAME)";
				SWIFT_VERSION = 5.0;
				TARGETED_DEVICE_FAMILY = "1,2";
			};
			name = Debug;
		};
		BE91F5D627A74F75005F4A6D /* Release */ = {
			isa = XCBuildConfiguration;
			buildSettings = {
				ASSETCATALOG_COMPILER_APPICON_NAME = AppIcon;
				CODE_SIGN_STYLE = Automatic;
				DEVELOPMENT_TEAM = 6NP4PA4NJT;
				INFOPLIST_FILE = FlashLightMax/Info.plist;
				LD_RUNPATH_SEARCH_PATHS = (
					"$(inherited)",
					"@executable_path/Frameworks",
				);
				PRODUCT_BUNDLE_IDENTIFIER = com.example.FlashLightMax;
				PRODUCT_NAME = "$(TARGET_NAME)";
				SWIFT_VERSION = 5.0;
				TARGETED_DEVICE_FAMILY = "1,2";
			};
			name = Release;
		};
/* End XCBuildConfiguration section */

/* Begin XCConfigurationList section */
		BE91F5BB27A74F72005F4A6D /* Build configuration list for PBXProject "FlashLightMax" */ = {
			isa = XCConfigurationList;
			buildConfigurations = (
				BE91F5D227A74F75005F4A6D /* Debug */,
				BE91F5D327A74F75005F4A6D /* Release */,
			);
			defaultConfigurationIsVisible = 0;
			defaultConfigurationName = Release;
		};
		BE91F5D427A74F75005F4A6D /* Build configuration list for PBXNativeTarget "FlashLightMax" */ = {
			isa = XCConfigurationList;
			buildConfigurations = (
				BE91F5D527A74F75005F4A6D /* Debug */,
				BE91F5D627A74F75005F4A6D /* Release */,
			);
			defaultConfigurationIsVisible = 0;
			defaultConfigurationName = Release;
		};
/* End XCConfigurationList section */
	};
	rootObject = BE91F5B827A74F72005F4A6D /* Project object */;
}
